
Microsoft Visual Studio Solution File, Format Version 12.00
# Visual Studio Version 17
VisualStudioVersion = 17.0.31903.59
MinimumVisualStudioVersion = 10.0.40219.1
Project("{FAE04EC0-301F-11D3-BF4B-00C04F79EFBC}") = "Modify_The_Content_Of_Strings", "Modify_The_Content_Of_Strings\Modify_The_Content_Of_Strings.csproj", "{8DBED88B-FA4A-4391-868D-C9B95140CDA3}"
EndProject
Global
	GlobalSection(SolutionConfigurationPlatforms) = preSolution
		Debug|Any CPU = Debug|Any CPU
		Release|Any CPU = Release|Any CPU
	EndGlobalSection
	GlobalSection(SolutionProperties) = preSolution
		HideSolutionNode = FALSE
	EndGlobalSection
	GlobalSection(ProjectConfigurationPlatforms) = postSolution
		{8DBED88B-FA4A-4391-868D-C9B95140CDA3}.Debug|Any CPU.ActiveCfg = Debug|Any CPU
		{8DBED88B-FA4A-4391-868D-C9B95140CDA3}.Debug|Any CPU.Build.0 = Debug|Any CPU
		{8DBED88B-FA4A-4391-868D-C9B95140CDA3}.Release|Any CPU.ActiveCfg = Release|Any CPU
		{8DBED88B-FA4A-4391-868D-C9B95140CDA3}.Release|Any CPU.Build.0 = Release|Any CPU
	EndGlobalSection
EndGlobal
