
Microsoft Visual Studio Solution File, Format Version 12.00
# Visual Studio Version 17
VisualStudioVersion = 17.0.31903.59
MinimumVisualStudioVersion = 10.0.40219.1
Project("{FAE04EC0-301F-11D3-BF4B-00C04F79EFBC}") = "Exercise_Math_Operations_as_Different_Outputs", "Exercise_Math_Operations_as_Different_Outputs\Exercise_Math_Operations_as_Different_Outputs.csproj", "{AE8AB7EE-7674-4FF6-93C2-4F4AC1779A04}"
EndProject
Global
	GlobalSection(SolutionConfigurationPlatforms) = preSolution
		Debug|Any CPU = Debug|Any CPU
		Release|Any CPU = Release|Any CPU
	EndGlobalSection
	GlobalSection(SolutionProperties) = preSolution
		HideSolutionNode = FALSE
	EndGlobalSection
	GlobalSection(ProjectConfigurationPlatforms) = postSolution
		{AE8AB7EE-7674-4FF6-93C2-4F4AC1779A04}.Debug|Any CPU.ActiveCfg = Debug|Any CPU
		{AE8AB7EE-7674-4FF6-93C2-4F4AC1779A04}.Debug|Any CPU.Build.0 = Debug|Any CPU
		{AE8AB7EE-7674-4FF6-93C2-4F4AC1779A04}.Release|Any CPU.ActiveCfg = Release|Any CPU
		{AE8AB7EE-7674-4FF6-93C2-4F4AC1779A04}.Release|Any CPU.Build.0 = Release|Any CPU
	EndGlobalSection
EndGlobal
